// !$*UTF8*$!
{
	archiveVersion = 1;
	classes = {
	};
	objectVersion = 46;
	objects = {

/* Begin PBXBuildFile section */
		0C00A7F01F5D817B00C77811 /* TableViewController.swift in Sources */ = {isa = PBXBuildFile; fileRef = 0C00A7EF1F5D817B00C77811 /* TableViewController.swift */; };
		0C00A7F51F5D85A900C77811 /* CellViewControllerTableViewCell.swift in Sources */ = {isa = PBXBuildFile; fileRef = 0C00A7F41F5D85A900C77811 /* CellViewControllerTableViewCell.swift */; };
		0CF108431F5D803800FC3D65 /* AppDelegate.swift in Sources */ = {isa = PBXBuildFile; fileRef = 0CF108421F5D803800FC3D65 /* AppDelegate.swift */; };
		0CF108481F5D803800FC3D65 /* Main.storyboard in Resources */ = {isa = PBXBuildFile; fileRef = 0CF108461F5D803800FC3D65 /* Main.storyboard */; };
		0CF1084A1F5D803800FC3D65 /* Assets.xcassets in Resources */ = {isa = PBXBuildFile; fileRef = 0CF108491F5D803800FC3D65 /* Assets.xcassets */; };
		0CF1084D1F5D803800FC3D65 /* LaunchScreen.storyboard in Resources */ = {isa = PBXBuildFile; fileRef = 0CF1084B1F5D803800FC3D65 /* LaunchScreen.storyboard */; };
		DC86815AC05A173C565C824B /* Pods_PDFDownloader.framework in Frameworks */ = {isa = PBXBuildFile; fileRef = 4ED78BA11904D7EB90E52A72 /* Pods_PDFDownloader.framework */; };
/* End PBXBuildFile section */

/* Begin PBXFileReference section */
		0C00A7EF1F5D817B00C77811 /* TableViewController.swift */ = {isa = PBXFileReference; fileEncoding = 4; lastKnownFileType = sourcecode.swift; path = TableViewController.swift; sourceTree = "<group>"; };
		0C00A7F41F5D85A900C77811 /* CellViewControllerTableViewCell.swift */ = {isa = PBXFileReference; fileEncoding = 4; lastKnownFileType = sourcecode.swift; path = CellViewControllerTableViewCell.swift; sourceTree = "<group>"; };
		0CF1083F1F5D803800FC3D65 /* PDFDownloader.app */ = {isa = PBXFileReference; explicitFileType = wrapper.application; includeInIndex = 0; path = PDFDownloader.app; sourceTree = BUILT_PRODUCTS_DIR; };
		0CF108421F5D803800FC3D65 /* AppDelegate.swift */ = {isa = PBXFileReference; lastKnownFileType = sourcecode.swift; path = AppDelegate.swift; sourceTree = "<group>"; };
		0CF108471F5D803800FC3D65 /* Base */ = {isa = PBXFileReference; lastKnownFileType = file.storyboard; name = Base; path = Base.lproj/Main.storyboard; sourceTree = "<group>"; };
		0CF108491F5D803800FC3D65 /* Assets.xcassets */ = {isa = PBXFileReference; lastKnownFileType = folder.assetcatalog; path = Assets.xcassets; sourceTree = "<group>"; };
		0CF1084C1F5D803800FC3D65 /* Base */ = {isa = PBXFileReference; lastKnownFileType = file.storyboard; name = Base; path = Base.lproj/LaunchScreen.storyboard; sourceTree = "<group>"; };
		0CF1084E1F5D803800FC3D65 /* Info.plist */ = {isa = PBXFileReference; lastKnownFileType = text.plist.xml; path = Info.plist; sourceTree = "<group>"; };
		4ED78BA11904D7EB90E52A72 /* Pods_PDFDownloader.framework */ = {isa = PBXFileReference; explicitFileType = wrapper.framework; includeInIndex = 0; path = Pods_PDFDownloader.framework; sourceTree = BUILT_PRODUCTS_DIR; };
		B28A121FDD1EDF9C426D580B /* Pods-PDFDownloader.debug.xcconfig */ = {isa = PBXFileReference; includeInIndex = 1; lastKnownFileType = text.xcconfig; name = "Pods-PDFDownloader.debug.xcconfig"; path = "Pods/Target Support Files/Pods-PDFDownloader/Pods-PDFDownloader.debug.xcconfig"; sourceTree = "<group>"; };
		B3EEDC5D99AD030679BB2916 /* Pods-PDFDownloader.release.xcconfig */ = {isa = PBXFileReference; includeInIndex = 1; lastKnownFileType = text.xcconfig; name = "Pods-PDFDownloader.release.xcconfig"; path = "Pods/Target Support Files/Pods-PDFDownloader/Pods-PDFDownloader.release.xcconfig"; sourceTree = "<group>"; };
/* End PBXFileReference section */

/* Begin PBXFrameworksBuildPhase section */
		0CF1083C1F5D803800FC3D65 /* Frameworks */ = {
			isa = PBXFrameworksBuildPhase;
			buildActionMask = 2147483647;
			files = (
				DC86815AC05A173C565C824B /* Pods_PDFDownloader.framework in Frameworks */,
			);
			runOnlyForDeploymentPostprocessing = 0;
		};
/* End PBXFrameworksBuildPhase section */

/* Begin PBXGroup section */
		0CF108361F5D803800FC3D65 = {
			isa = PBXGroup;
			children = (
				0CF108411F5D803800FC3D65 /* PDFDownloader */,
				0CF108401F5D803800FC3D65 /* Products */,
				C661FDF8420ABEA6A9AE83F2 /* Pods */,
				82A256640E63DDBAFD31C9B0 /* Frameworks */,
			);
			sourceTree = "<group>";
		};
		0CF108401F5D803800FC3D65 /* Products */ = {
			isa = PBXGroup;
			children = (
				0CF1083F1F5D803800FC3D65 /* PDFDownloader.app */,
			);
			name = Products;
			sourceTree = "<group>";
		};
		0CF108411F5D803800FC3D65 /* PDFDownloader */ = {
			isa = PBXGroup;
			children = (
				0CF108421F5D803800FC3D65 /* AppDelegate.swift */,
				0CF108461F5D803800FC3D65 /* Main.storyboard */,
				0CF108491F5D803800FC3D65 /* Assets.xcassets */,
				0CF1084B1F5D803800FC3D65 /* LaunchScreen.storyboard */,
				0CF1084E1F5D803800FC3D65 /* Info.plist */,
				0C00A7EF1F5D817B00C77811 /* TableViewController.swift */,
				0C00A7F41F5D85A900C77811 /* CellViewControllerTableViewCell.swift */,
			);
			path = PDFDownloader;
			sourceTree = "<group>";
		};
		82A256640E63DDBAFD31C9B0 /* Frameworks */ = {
			isa = PBXGroup;
			children = (
				4ED78BA11904D7EB90E52A72 /* Pods_PDFDownloader.framework */,
			);
			name = Frameworks;
			sourceTree = "<group>";
		};
		C661FDF8420ABEA6A9AE83F2 /* Pods */ = {
			isa = PBXGroup;
			children = (
				B28A121FDD1EDF9C426D580B /* Pods-PDFDownloader.debug.xcconfig */,
				B3EEDC5D99AD030679BB2916 /* Pods-PDFDownloader.release.xcconfig */,
			);
			name = Pods;
			sourceTree = "<group>";
		};
/* End PBXGroup section */

/* Begin PBXNativeTarget section */
		0CF1083E1F5D803800FC3D65 /* PDFDownloader */ = {
			isa = PBXNativeTarget;
			buildConfigurationList = 0CF108511F5D803800FC3D65 /* Build configuration list for PBXNativeTarget "PDFDownloader" */;
			buildPhases = (
				F7F9AA72BDB226D34509B5EF /* [CP] Check Pods Manifest.lock */,
				0CF1083B1F5D803800FC3D65 /* Sources */,
				0CF1083C1F5D803800FC3D65 /* Frameworks */,
				0CF1083D1F5D803800FC3D65 /* Resources */,
				574B3C4977EB62F1F2DDAB1A /* [CP] Embed Pods Frameworks */,
				BC2633BB1F1350F4EBF18004 /* [CP] Copy Pods Resources */,
			);
			buildRules = (
			);
			dependencies = (
			);
			name = PDFDownloader;
			productName = PDFDownloader;
			productReference = 0CF1083F1F5D803800FC3D65 /* PDFDownloader.app */;
			productType = "com.apple.product-type.application";
		};
/* End PBXNativeTarget section */

/* Begin PBXProject section */
		0CF108371F5D803800FC3D65 /* Project object */ = {
			isa = PBXProject;
			attributes = {
				LastSwiftUpdateCheck = 0820;
				LastUpgradeCheck = 0820;
				ORGANIZATIONNAME = HartleyLabMacMini;
				TargetAttributes = {
					0CF1083E1F5D803800FC3D65 = {
						CreatedOnToolsVersion = 8.2.1;
						ProvisioningStyle = Automatic;
					};
				};
			};
			buildConfigurationList = 0CF1083A1F5D803800FC3D65 /* Build configuration list for PBXProject "PDFDownloader" */;
			compatibilityVersion = "Xcode 3.2";
			developmentRegion = English;
			hasScannedForEncodings = 0;
			knownRegions = (
				en,
				Base,
			);
			mainGroup = 0CF108361F5D803800FC3D65;
			productRefGroup = 0CF108401F5D803800FC3D65 /* Products */;
			projectDirPath = "";
			projectRoot = "";
			targets = (
				0CF1083E1F5D803800FC3D65 /* PDFDownloader */,
			);
		};
/* End PBXProject section */

/* Begin PBXResourcesBuildPhase section */
		0CF1083D1F5D803800FC3D65 /* Resources */ = {
			isa = PBXResourcesBuildPhase;
			buildActionMask = 2147483647;
			files = (
				0CF1084D1F5D803800FC3D65 /* LaunchScreen.storyboard in Resources */,
				0CF1084A1F5D803800FC3D65 /* Assets.xcassets in Resources */,
				0CF108481F5D803800FC3D65 /* Main.storyboard in Resources */,
			);
			runOnlyForDeploymentPostprocessing = 0;
		};
/* End PBXResourcesBuildPhase section */

/* Begin PBXShellScriptBuildPhase section */
		574B3C4977EB62F1F2DDAB1A /* [CP] Embed Pods Frameworks */ = {
			isa = PBXShellScriptBuildPhase;
			buildActionMask = 2147483647;
			files = (
			);
			inputPaths = (
			);
			name = "[CP] Embed Pods Frameworks";
			outputPaths = (
			);
			runOnlyForDeploymentPostprocessing = 0;
			shellPath = /bin/sh;
			shellScript = "\"${SRCROOT}/Pods/Target Support Files/Pods-PDFDownloader/Pods-PDFDownloader-frameworks.sh\"\n";
			showEnvVarsInLog = 0;
		};
		BC2633BB1F1350F4EBF18004 /* [CP] Copy Pods Resources */ = {
			isa = PBXShellScriptBuildPhase;
			buildActionMask = 2147483647;
			files = (
			);
			inputPaths = (
			);
			name = "[CP] Copy Pods Resources";
			outputPaths = (
			);
			runOnlyForDeploymentPostprocessing = 0;
			shellPath = /bin/sh;
			shellScript = "\"${SRCROOT}/Pods/Target Support Files/Pods-PDFDownloader/Pods-PDFDownloader-resources.sh\"\n";
			showEnvVarsInLog = 0;
		};
		F7F9AA72BDB226D34509B5EF /* [CP] Check Pods Manifest.lock */ = {
			isa = PBXShellScriptBuildPhase;
			buildActionMask = 2147483647;
			files = (
			);
			inputPaths = (
			);
			name = "[CP] Check Pods Manifest.lock";
			outputPaths = (
			);
			runOnlyForDeploymentPostprocessing = 0;
			shellPath = /bin/sh;
			shellScript = "diff \"${PODS_ROOT}/../Podfile.lock\" \"${PODS_ROOT}/Manifest.lock\" > /dev/null\nif [ $? != 0 ] ; then\n    # print error to STDERR\n    echo \"error: The sandbox is not in sync with the Podfile.lock. Run 'pod install' or update your CocoaPods installation.\" >&2\n    exit 1\nfi\n";
			showEnvVarsInLog = 0;
		};
/* End PBXShellScriptBuildPhase section */

/* Begin PBXSourcesBuildPhase section */
		0CF1083B1F5D803800FC3D65 /* Sources */ = {
			isa = PBXSourcesBuildPhase;
			buildActionMask = 2147483647;
			files = (
				0CF108431F5D803800FC3D65 /* AppDelegate.swift in Sources */,
				0C00A7F51F5D85A900C77811 /* CellViewControllerTableViewCell.swift in Sources */,
				0C00A7F01F5D817B00C77811 /* TableViewController.swift in Sources */,
			);
			runOnlyForDeploymentPostprocessing = 0;
		};
/* End PBXSourcesBuildPhase section */

/* Begin PBXVariantGroup section */
		0CF108461F5D803800FC3D65 /* Main.storyboard */ = {
			isa = PBXVariantGroup;
			children = (
				0CF108471F5D803800FC3D65 /* Base */,
			);
			name = Main.storyboard;
			sourceTree = "<group>";
		};
		0CF1084B1F5D803800FC3D65 /* LaunchScreen.storyboard */ = {
			isa = PBXVariantGroup;
			children = (
				0CF1084C1F5D803800FC3D65 /* Base */,
			);
			name = LaunchScreen.storyboard;
			sourceTree = "<group>";
		};
/* End PBXVariantGroup section */

/* Begin XCBuildConfiguration section */
		0CF1084F1F5D803800FC3D65 /* Debug */ = {
			isa = XCBuildConfiguration;
			buildSettings = {
				ALWAYS_SEARCH_USER_PATHS = NO;
				CLANG_ANALYZER_NONNULL = YES;
				CLANG_CXX_LANGUAGE_STANDARD = "gnu++0x";
				CLANG_CXX_LIBRARY = "libc++";
				CLANG_ENABLE_MODULES = YES;
				CLANG_ENABLE_OBJC_ARC = YES;
				CLANG_WARN_BOOL_CONVERSION = YES;
				CLANG_WARN_CONSTANT_CONVERSION = YES;
				CLANG_WARN_DIRECT_OBJC_ISA_USAGE = YES_ERROR;
				CLANG_WARN_DOCUMENTATION_COMMENTS = YES;
				CLANG_WARN_EMPTY_BODY = YES;
				CLANG_WARN_ENUM_CONVERSION = YES;
				CLANG_WARN_INFINITE_RECURSION = YES;
				CLANG_WARN_INT_CONVERSION = YES;
				CLANG_WARN_OBJC_ROOT_CLASS = YES_ERROR;
				CLANG_WARN_SUSPICIOUS_MOVE = YES;
				CLANG_WARN_UNREACHABLE_CODE = YES;
				CLANG_WARN__DUPLICATE_METHOD_MATCH = YES;
				"CODE_SIGN_IDENTITY[sdk=iphoneos*]" = "iPhone Developer";
				COPY_PHASE_STRIP = NO;
				DEBUG_INFORMATION_FORMAT = dwarf;
				ENABLE_STRICT_OBJC_MSGSEND = YES;
				ENABLE_TESTABILITY = YES;
				GCC_C_LANGUAGE_STANDARD = gnu99;
				GCC_DYNAMIC_NO_PIC = NO;
				GCC_NO_COMMON_BLOCKS = YES;
				GCC_OPTIMIZATION_LEVEL = 0;
				GCC_PREPROCESSOR_DEFINITIONS = (
					"DEBUG=1",
					"$(inherited)",
				);
				GCC_WARN_64_TO_32_BIT_CONVERSION = YES;
				GCC_WARN_ABOUT_RETURN_TYPE = YES_ERROR;
				GCC_WARN_UNDECLARED_SELECTOR = YES;
				GCC_WARN_UNINITIALIZED_AUTOS = YES_AGGRESSIVE;
				GCC_WARN_UNUSED_FUNCTION = YES;
				GCC_WARN_UNUSED_VARIABLE = YES;
				IPHONEOS_DEPLOYMENT_TARGET = 10.2;
				MTL_ENABLE_DEBUG_INFO = YES;
				ONLY_ACTIVE_ARCH = YES;
				SDKROOT = iphoneos;
				SWIFT_ACTIVE_COMPILATION_CONDITIONS = DEBUG;
				SWIFT_OPTIMIZATION_LEVEL = "-Onone";
				TARGETED_DEVICE_FAMILY = "1,2";
			};
			name = Debug;
		};
		0CF108501F5D803800FC3D65 /* Release */ = {
			isa = XCBuildConfiguration;
			buildSettings = {
				ALWAYS_SEARCH_USER_PATHS = NO;
				CLANG_ANALYZER_NONNULL = YES;
				CLANG_CXX_LANGUAGE_STANDARD = "gnu++0x";
				CLANG_CXX_LIBRARY = "libc++";
				CLANG_ENABLE_MODULES = YES;
				CLANG_ENABLE_OBJC_ARC = YES;
				CLANG_WARN_BOOL_CONVERSION = YES;
				CLANG_WARN_CONSTANT_CONVERSION = YES;
				CLANG_WARN_DIRECT_OBJC_ISA_USAGE = YES_ERROR;
				CLANG_WARN_DOCUMENTATION_COMMENTS = YES;
				CLANG_WARN_EMPTY_BODY = YES;
				CLANG_WARN_ENUM_CONVERSION = YES;
				CLANG_WARN_INFINITE_RECURSION = YES;
				CLANG_WARN_INT_CONVERSION = YES;
				CLANG_WARN_OBJC_ROOT_CLASS = YES_ERROR;
				CLANG_WARN_SUSPICIOUS_MOVE = YES;
				CLANG_WARN_UNREACHABLE_CODE = YES;
				CLANG_WARN__DUPLICATE_METHOD_MATCH = YES;
				"CODE_SIGN_IDENTITY[sdk=iphoneos*]" = "iPhone Developer";
				COPY_PHASE_STRIP = NO;
				DEBUG_INFORMATION_FORMAT = "dwarf-with-dsym";
				ENABLE_NS_ASSERTIONS = NO;
				ENABLE_STRICT_OBJC_MSGSEND = YES;
				GCC_C_LANGUAGE_STANDARD = gnu99;
				GCC_NO_COMMON_BLOCKS = YES;
				GCC_WARN_64_TO_32_BIT_CONVERSION = YES;
				GCC_WARN_ABOUT_RETURN_TYPE = YES_ERROR;
				GCC_WARN_UNDECLARED_SELECTOR = YES;
				GCC_WARN_UNINITIALIZED_AUTOS = YES_AGGRESSIVE;
				GCC_WARN_UNUSED_FUNCTION = YES;
				GCC_WARN_UNUSED_VARIABLE = YES;
				IPHONEOS_DEPLOYMENT_TARGET = 10.2;
				MTL_ENABLE_DEBUG_INFO = NO;
				SDKROOT = iphoneos;
				SWIFT_OPTIMIZATION_LEVEL = "-Owholemodule";
				TARGETED_DEVICE_FAMILY = "1,2";
				VALIDATE_PRODUCT = YES;
			};
			name = Release;
		};
		0CF108521F5D803800FC3D65 /* Debug */ = {
			isa = XCBuildConfiguration;
			baseConfigurationReference = B28A121FDD1EDF9C426D580B /* Pods-PDFDownloader.debug.xcconfig */;
			buildSettings = {
				ASSETCATALOG_COMPILER_APPICON_NAME = AppIcon;
				INFOPLIST_FILE = PDFDownloader/Info.plist;
				LD_RUNPATH_SEARCH_PATHS = "$(inherited) @executable_path/Frameworks";
				PRODUCT_BUNDLE_IDENTIFIER = com.heartlylab.PDFDownloader;
				PRODUCT_NAME = "$(TARGET_NAME)";
				SWIFT_VERSION = 3.0;
			};
			name = Debug;
		};
		0CF108531F5D803800FC3D65 /* Release */ = {
			isa = XCBuildConfiguration;
			baseConfigurationReference = B3EEDC5D99AD030679BB2916 /* Pods-PDFDownloader.release.xcconfig */;
			buildSettings = {
				ASSETCATALOG_COMPILER_APPICON_NAME = AppIcon;
				INFOPLIST_FILE = PDFDownloader/Info.plist;
				LD_RUNPATH_SEARCH_PATHS = "$(inherited) @executable_path/Frameworks";
				PRODUCT_BUNDLE_IDENTIFIER = com.heartlylab.PDFDownloader;
				PRODUCT_NAME = "$(TARGET_NAME)";
				SWIFT_VERSION = 3.0;
			};
			name = Release;
		};
/* End XCBuildConfiguration section */

/* Begin XCConfigurationList section */
		0CF1083A1F5D803800FC3D65 /* Build configuration list for PBXProject "PDFDownloader" */ = {
			isa = XCConfigurationList;
			buildConfigurations = (
				0CF1084F1F5D803800FC3D65 /* Debug */,
				0CF108501F5D803800FC3D65 /* Release */,
			);
			defaultConfigurationIsVisible = 0;
			defaultConfigurationName = Release;
		};
		0CF108511F5D803800FC3D65 /* Build configuration list for PBXNativeTarget "PDFDownloader" */ = {
			isa = XCConfigurationList;
			buildConfigurations = (
				0CF108521F5D803800FC3D65 /* Debug */,
				0CF108531F5D803800FC3D65 /* Release */,
			);
			defaultConfigurationIsVisible = 0;
			defaultConfigurationName = Release;
		};
/* End XCConfigurationList section */
	};
	rootObject = 0CF108371F5D803800FC3D65 /* Project object */;
}
